<Solution>
  <Folder Name="/src/">
    <Project Path="src/PolishOpenData.Core/PolishOpenData.Core.csproj" />
  </Folder>
  <Folder Name="/tests/">
    <Project Path="tests/PolishOpenData.Core.Tests/PolishOpenData.Core.Tests.csproj" />
    <Project Path="tests/PolishOpenData.Shared.Tests/PolishOpenData.Shared.Tests.csproj" />
  </Folder>
</Solution>
